
Microsoft Visual Studio Solution File, Format Version 12.00
# Visual Studio Version 16
VisualStudioVersion = 16.0.31424.327
MinimumVisualStudioVersion = 10.0.40219.1
Project("{FAE04EC0-301F-11D3-BF4B-00C04F79EFBC}") = "Buoi_4_Bai_BigSchool()", "Buoi_4_Bai_BigSchool().csproj", "{B40EC1A3-BE70-4F65-9A4F-72F2A2DBAB0F}"
EndProject
Global
	GlobalSection(SolutionConfigurationPlatforms) = preSolution
		Debug|Any CPU = Debug|Any CPU
		Release|Any CPU = Release|Any CPU
	EndGlobalSection
	GlobalSection(ProjectConfigurationPlatforms) = postSolution
		{B40EC1A3-BE70-4F65-9A4F-72F2A2DBAB0F}.Debug|Any CPU.ActiveCfg = Debug|Any CPU
		{B40EC1A3-BE70-4F65-9A4F-72F2A2DBAB0F}.Debug|Any CPU.Build.0 = Debug|Any CPU
		{B40EC1A3-BE70-4F65-9A4F-72F2A2DBAB0F}.Release|Any CPU.ActiveCfg = Release|Any CPU
		{B40EC1A3-BE70-4F65-9A4F-72F2A2DBAB0F}.Release|Any CPU.Build.0 = Release|Any CPU
	EndGlobalSection
	GlobalSection(SolutionProperties) = preSolution
		HideSolutionNode = FALSE
	EndGlobalSection
	GlobalSection(ExtensibilityGlobals) = postSolution
		SolutionGuid = {E31D3CE7-98E9-421B-8562-BDD1A674C442}
	EndGlobalSection
EndGlobal
